
Microsoft Visual Studio Solution File, Format Version 12.00
# Visual Studio 15
VisualStudioVersion = 15.0.27703.2035
MinimumVisualStudioVersion = 10.0.40219.1
Project("{FAE04EC0-301F-11D3-BF4B-00C04F79EFBC}") = "StudentsApp", "StudentsApp\StudentsApp.csproj", "{27263770-EF54-448D-B6DB-C717E8488881}"
EndProject
Global
	GlobalSection(SolutionConfigurationPlatforms) = preSolution
		Debug|Any CPU = Debug|Any CPU
		Release|Any CPU = Release|Any CPU
	EndGlobalSection
	GlobalSection(ProjectConfigurationPlatforms) = postSolution
		{27263770-EF54-448D-B6DB-C717E8488881}.Debug|Any CPU.ActiveCfg = Debug|Any CPU
		{27263770-EF54-448D-B6DB-C717E8488881}.Debug|Any CPU.Build.0 = Debug|Any CPU
		{27263770-EF54-448D-B6DB-C717E8488881}.Release|Any CPU.ActiveCfg = Release|Any CPU
		{27263770-EF54-448D-B6DB-C717E8488881}.Release|Any CPU.Build.0 = Release|Any CPU
	EndGlobalSection
	GlobalSection(SolutionProperties) = preSolution
		HideSolutionNode = FALSE
	EndGlobalSection
	GlobalSection(ExtensibilityGlobals) = postSolution
		SolutionGuid = {1F8B2EF6-D8E5-4B9F-97EE-A01615D5D452}
	EndGlobalSection
EndGlobal
